
Microsoft Visual Studio Solution File, Format Version 12.00
# Visual Studio Version 17
VisualStudioVersion = 17.14.36109.1
MinimumVisualStudioVersion = 10.0.40219.1
Project("{FAE04EC0-301F-11D3-BF4B-00C04F79EFBC}") = "DTOs", "DTOs\DTOs.csproj", "{BF2A7831-F86C-4785-92E8-291DC22659D8}"
EndProject
Project("{2150E333-8FDC-42A3-9474-1A3956D46DE8}") = "0_DTOs", "0_DTOs", "{02EA681E-C7D8-13C7-8484-4AC65E1B71E8}"
EndProject
Project("{2150E333-8FDC-42A3-9474-1A3956D46DE8}") = "1_DataAccess", "1_DataAccess", "{371573C1-81C3-41F4-A8CB-79A29E464685}"
EndProject
Project("{FAE04EC0-301F-11D3-BF4B-00C04F79EFBC}") = "DataAccess", "DataAccess\DataAccess.csproj", "{2E142178-1F10-4F61-8A26-643A715FDEA2}"
EndProject
Project("{2150E333-8FDC-42A3-9474-1A3956D46DE8}") = "2_CoreApp", "2_CoreApp", "{4A0D80AA-F1FC-48CD-B1FC-B801E57B2E8D}"
EndProject
Project("{FAE04EC0-301F-11D3-BF4B-00C04F79EFBC}") = "CoreApp", "CoreApp\CoreApp.csproj", "{1AEAA6D8-16C9-4BAB-8162-B8ACF46728C1}"
EndProject
Project("{2150E333-8FDC-42A3-9474-1A3956D46DE8}") = "3_Exceptions", "3_Exceptions", "{44A36DD4-CA24-4C79-BC61-2B7C8AFF24DF}"
EndProject
Project("{FAE04EC0-301F-11D3-BF4B-00C04F79EFBC}") = "ExceptionManager", "ExceptionManager\ExceptionManager.csproj", "{8118D8B7-A3D4-4B18-9517-F014C3A325D4}"
EndProject
Project("{2150E333-8FDC-42A3-9474-1A3956D46DE8}") = "4_WebApi", "4_WebApi", "{45CF4CCB-8FAB-4EB3-A409-439F3B1474C2}"
EndProject
Project("{FAE04EC0-301F-11D3-BF4B-00C04F79EFBC}") = "WebAPI", "WebAPI\WebAPI.csproj", "{3EC7AC81-7CB4-4C60-B58F-8942C4683138}"
EndProject
Project("{2150E333-8FDC-42A3-9474-1A3956D46DE8}") = "5_WebApp", "5_WebApp", "{3405AD2A-AFCC-4265-84FD-7D3D8D0C15F2}"
EndProject
Project("{FAE04EC0-301F-11D3-BF4B-00C04F79EFBC}") = "WebApp", "WebApp\WebApp.csproj", "{981D0511-778D-4784-924D-D69412100D07}"
EndProject
Project("{2150E333-8FDC-42A3-9474-1A3956D46DE8}") = "99_Testing", "99_Testing", "{0D1B203E-F74A-40D0-BF61-8CEC76BB8E22}"
EndProject
Project("{FAE04EC0-301F-11D3-BF4B-00C04F79EFBC}") = "DevTester", "DevTester\DevTester.csproj", "{F84EB22A-B86B-4C0C-B4BA-FDE8BF5EE505}"
EndProject
Global
	GlobalSection(SolutionConfigurationPlatforms) = preSolution
		Debug|Any CPU = Debug|Any CPU
		Release|Any CPU = Release|Any CPU
	EndGlobalSection
	GlobalSection(ProjectConfigurationPlatforms) = postSolution
		{BF2A7831-F86C-4785-92E8-291DC22659D8}.Debug|Any CPU.ActiveCfg = Debug|Any CPU
		{BF2A7831-F86C-4785-92E8-291DC22659D8}.Debug|Any CPU.Build.0 = Debug|Any CPU
		{BF2A7831-F86C-4785-92E8-291DC22659D8}.Release|Any CPU.ActiveCfg = Release|Any CPU
		{BF2A7831-F86C-4785-92E8-291DC22659D8}.Release|Any CPU.Build.0 = Release|Any CPU
		{2E142178-1F10-4F61-8A26-643A715FDEA2}.Debug|Any CPU.ActiveCfg = Debug|Any CPU
		{2E142178-1F10-4F61-8A26-643A715FDEA2}.Debug|Any CPU.Build.0 = Debug|Any CPU
		{2E142178-1F10-4F61-8A26-643A715FDEA2}.Release|Any CPU.ActiveCfg = Release|Any CPU
		{2E142178-1F10-4F61-8A26-643A715FDEA2}.Release|Any CPU.Build.0 = Release|Any CPU
		{1AEAA6D8-16C9-4BAB-8162-B8ACF46728C1}.Debug|Any CPU.ActiveCfg = Debug|Any CPU
		{1AEAA6D8-16C9-4BAB-8162-B8ACF46728C1}.Debug|Any CPU.Build.0 = Debug|Any CPU
		{1AEAA6D8-16C9-4BAB-8162-B8ACF46728C1}.Release|Any CPU.ActiveCfg = Release|Any CPU
		{1AEAA6D8-16C9-4BAB-8162-B8ACF46728C1}.Release|Any CPU.Build.0 = Release|Any CPU
		{8118D8B7-A3D4-4B18-9517-F014C3A325D4}.Debug|Any CPU.ActiveCfg = Debug|Any CPU
		{8118D8B7-A3D4-4B18-9517-F014C3A325D4}.Debug|Any CPU.Build.0 = Debug|Any CPU
		{8118D8B7-A3D4-4B18-9517-F014C3A325D4}.Release|Any CPU.ActiveCfg = Release|Any CPU
		{8118D8B7-A3D4-4B18-9517-F014C3A325D4}.Release|Any CPU.Build.0 = Release|Any CPU
		{3EC7AC81-7CB4-4C60-B58F-8942C4683138}.Debug|Any CPU.ActiveCfg = Debug|Any CPU
		{3EC7AC81-7CB4-4C60-B58F-8942C4683138}.Debug|Any CPU.Build.0 = Debug|Any CPU
		{3EC7AC81-7CB4-4C60-B58F-8942C4683138}.Release|Any CPU.ActiveCfg = Release|Any CPU
		{3EC7AC81-7CB4-4C60-B58F-8942C4683138}.Release|Any CPU.Build.0 = Release|Any CPU
		{981D0511-778D-4784-924D-D69412100D07}.Debug|Any CPU.ActiveCfg = Debug|Any CPU
		{981D0511-778D-4784-924D-D69412100D07}.Debug|Any CPU.Build.0 = Debug|Any CPU
		{981D0511-778D-4784-924D-D69412100D07}.Release|Any CPU.ActiveCfg = Release|Any CPU
		{981D0511-778D-4784-924D-D69412100D07}.Release|Any CPU.Build.0 = Release|Any CPU
		{F84EB22A-B86B-4C0C-B4BA-FDE8BF5EE505}.Debug|Any CPU.ActiveCfg = Debug|Any CPU
		{F84EB22A-B86B-4C0C-B4BA-FDE8BF5EE505}.Debug|Any CPU.Build.0 = Debug|Any CPU
		{F84EB22A-B86B-4C0C-B4BA-FDE8BF5EE505}.Release|Any CPU.ActiveCfg = Release|Any CPU
		{F84EB22A-B86B-4C0C-B4BA-FDE8BF5EE505}.Release|Any CPU.Build.0 = Release|Any CPU
	EndGlobalSection
	GlobalSection(SolutionProperties) = preSolution
		HideSolutionNode = FALSE
	EndGlobalSection
	GlobalSection(NestedProjects) = preSolution
		{BF2A7831-F86C-4785-92E8-291DC22659D8} = {02EA681E-C7D8-13C7-8484-4AC65E1B71E8}
		{2E142178-1F10-4F61-8A26-643A715FDEA2} = {371573C1-81C3-41F4-A8CB-79A29E464685}
		{1AEAA6D8-16C9-4BAB-8162-B8ACF46728C1} = {4A0D80AA-F1FC-48CD-B1FC-B801E57B2E8D}
		{8118D8B7-A3D4-4B18-9517-F014C3A325D4} = {44A36DD4-CA24-4C79-BC61-2B7C8AFF24DF}
		{3EC7AC81-7CB4-4C60-B58F-8942C4683138} = {45CF4CCB-8FAB-4EB3-A409-439F3B1474C2}
		{981D0511-778D-4784-924D-D69412100D07} = {3405AD2A-AFCC-4265-84FD-7D3D8D0C15F2}
		{F84EB22A-B86B-4C0C-B4BA-FDE8BF5EE505} = {0D1B203E-F74A-40D0-BF61-8CEC76BB8E22}
	EndGlobalSection
	GlobalSection(ExtensibilityGlobals) = postSolution
		SolutionGuid = {C0D03897-F36B-43E2-A9C0-BDDE2A87495D}
	EndGlobalSection
EndGlobal
